
Microsoft Visual Studio Solution File, Format Version 12.00
# Visual Studio Version 16
VisualStudioVersion = 16.0.31624.102
MinimumVisualStudioVersion = 10.0.40219.1
Project("{FAE04EC0-301F-11D3-BF4B-00C04F79EFBC}") = "api", "api\api.csproj", "{C428F2A3-2BDD-41AA-BA8A-EE7366930446}"
EndProject
Global
	GlobalSection(SolutionConfigurationPlatforms) = preSolution
		Debug|Any CPU = Debug|Any CPU
		Release|Any CPU = Release|Any CPU
	EndGlobalSection
	GlobalSection(ProjectConfigurationPlatforms) = postSolution
		{C428F2A3-2BDD-41AA-BA8A-EE7366930446}.Debug|Any CPU.ActiveCfg = Debug|Any CPU
		{C428F2A3-2BDD-41AA-BA8A-EE7366930446}.Debug|Any CPU.Build.0 = Debug|Any CPU
		{C428F2A3-2BDD-41AA-BA8A-EE7366930446}.Release|Any CPU.ActiveCfg = Release|Any CPU
		{C428F2A3-2BDD-41AA-BA8A-EE7366930446}.Release|Any CPU.Build.0 = Release|Any CPU
	EndGlobalSection
	GlobalSection(SolutionProperties) = preSolution
		HideSolutionNode = FALSE
	EndGlobalSection
	GlobalSection(ExtensibilityGlobals) = postSolution
		SolutionGuid = {7AD07096-A945-4A88-9BA5-356C71EF2EA2}
	EndGlobalSection
EndGlobal
